
Microsoft Visual Studio Solution File, Format Version 12.00
# Visual Studio 14
VisualStudioVersion = 14.0.25123.0
MinimumVisualStudioVersion = 10.0.40219.1
Project("{FAE04EC0-301F-11D3-BF4B-00C04F79EFBC}") = "IOCPractices", "IOCPractices\IOCPractices.csproj", "{B0E79188-F0E9-4C94-9D33-1F0965A7F3C7}"
EndProject
Project("{FAE04EC0-301F-11D3-BF4B-00C04F79EFBC}") = "ResolverDemo", "ResolverDemo\ResolverDemo.csproj", "{9925B033-E6F4-440F-B405-7FA85C6F9DD9}"
EndProject
Global
	GlobalSection(SolutionConfigurationPlatforms) = preSolution
		Debug|Any CPU = Debug|Any CPU
		Release|Any CPU = Release|Any CPU
	EndGlobalSection
	GlobalSection(ProjectConfigurationPlatforms) = postSolution
		{B0E79188-F0E9-4C94-9D33-1F0965A7F3C7}.Debug|Any CPU.ActiveCfg = Debug|Any CPU
		{B0E79188-F0E9-4C94-9D33-1F0965A7F3C7}.Debug|Any CPU.Build.0 = Debug|Any CPU
		{B0E79188-F0E9-4C94-9D33-1F0965A7F3C7}.Release|Any CPU.ActiveCfg = Release|Any CPU
		{B0E79188-F0E9-4C94-9D33-1F0965A7F3C7}.Release|Any CPU.Build.0 = Release|Any CPU
		{9925B033-E6F4-440F-B405-7FA85C6F9DD9}.Debug|Any CPU.ActiveCfg = Debug|Any CPU
		{9925B033-E6F4-440F-B405-7FA85C6F9DD9}.Debug|Any CPU.Build.0 = Debug|Any CPU
		{9925B033-E6F4-440F-B405-7FA85C6F9DD9}.Release|Any CPU.ActiveCfg = Release|Any CPU
		{9925B033-E6F4-440F-B405-7FA85C6F9DD9}.Release|Any CPU.Build.0 = Release|Any CPU
	EndGlobalSection
	GlobalSection(SolutionProperties) = preSolution
		HideSolutionNode = FALSE
	EndGlobalSection
EndGlobal
